
Microsoft Visual Studio Solution File, Format Version 12.00
# Visual Studio Version 16
VisualStudioVersion = 16.0.28729.10
MinimumVisualStudioVersion = 10.0.40219.1
Project("{FAE04EC0-301F-11D3-BF4B-00C04F79EFBC}") = "UI", "UI\UI.csproj", "{B2D9122A-F5A0-4A25-A48E-8D630FEF5295}"
EndProject
Project("{FAE04EC0-301F-11D3-BF4B-00C04F79EFBC}") = "evtiop.DAL", "evtiop.DAL\evtiop.DAL.csproj", "{344934AA-8409-4B61-94E0-863195EB9492}"
EndProject
Project("{FAE04EC0-301F-11D3-BF4B-00C04F79EFBC}") = "evtiop.BLL", "evtiop.BLL\evtiop.BLL.csproj", "{77B1C8E6-10DF-41EE-8F31-28026BEA60C5}"
EndProject
Global
	GlobalSection(SolutionConfigurationPlatforms) = preSolution
		Debug|Any CPU = Debug|Any CPU
		Release|Any CPU = Release|Any CPU
	EndGlobalSection
	GlobalSection(ProjectConfigurationPlatforms) = postSolution
		{B2D9122A-F5A0-4A25-A48E-8D630FEF5295}.Debug|Any CPU.ActiveCfg = Debug|Any CPU
		{B2D9122A-F5A0-4A25-A48E-8D630FEF5295}.Debug|Any CPU.Build.0 = Debug|Any CPU
		{B2D9122A-F5A0-4A25-A48E-8D630FEF5295}.Release|Any CPU.ActiveCfg = Release|Any CPU
		{B2D9122A-F5A0-4A25-A48E-8D630FEF5295}.Release|Any CPU.Build.0 = Release|Any CPU
		{344934AA-8409-4B61-94E0-863195EB9492}.Debug|Any CPU.ActiveCfg = Debug|Any CPU
		{344934AA-8409-4B61-94E0-863195EB9492}.Debug|Any CPU.Build.0 = Debug|Any CPU
		{344934AA-8409-4B61-94E0-863195EB9492}.Release|Any CPU.ActiveCfg = Release|Any CPU
		{344934AA-8409-4B61-94E0-863195EB9492}.Release|Any CPU.Build.0 = Release|Any CPU
		{77B1C8E6-10DF-41EE-8F31-28026BEA60C5}.Debug|Any CPU.ActiveCfg = Debug|Any CPU
		{77B1C8E6-10DF-41EE-8F31-28026BEA60C5}.Debug|Any CPU.Build.0 = Debug|Any CPU
		{77B1C8E6-10DF-41EE-8F31-28026BEA60C5}.Release|Any CPU.ActiveCfg = Release|Any CPU
		{77B1C8E6-10DF-41EE-8F31-28026BEA60C5}.Release|Any CPU.Build.0 = Release|Any CPU
	EndGlobalSection
	GlobalSection(SolutionProperties) = preSolution
		HideSolutionNode = FALSE
	EndGlobalSection
	GlobalSection(ExtensibilityGlobals) = postSolution
		SolutionGuid = {EA887ECE-9D9B-4798-9D47-ADB8B1FD3EEE}
	EndGlobalSection
EndGlobal
