
Microsoft Visual Studio Solution File, Format Version 12.00
# Visual Studio 15
VisualStudioVersion = 15.0.27703.2000
MinimumVisualStudioVersion = 10.0.40219.1
Project("{FAE04EC0-301F-11D3-BF4B-00C04F79EFBC}") = "UI", "UI\UI.csproj", "{B2D9122A-F5A0-4A25-A48E-8D630FEF5295}"
EndProject
Global
	GlobalSection(SolutionConfigurationPlatforms) = preSolution
		Debug|Any CPU = Debug|Any CPU
		Release|Any CPU = Release|Any CPU
	EndGlobalSection
	GlobalSection(ProjectConfigurationPlatforms) = postSolution
		{B2D9122A-F5A0-4A25-A48E-8D630FEF5295}.Debug|Any CPU.ActiveCfg = Debug|Any CPU
		{B2D9122A-F5A0-4A25-A48E-8D630FEF5295}.Debug|Any CPU.Build.0 = Debug|Any CPU
		{B2D9122A-F5A0-4A25-A48E-8D630FEF5295}.Release|Any CPU.ActiveCfg = Release|Any CPU
		{B2D9122A-F5A0-4A25-A48E-8D630FEF5295}.Release|Any CPU.Build.0 = Release|Any CPU
	EndGlobalSection
	GlobalSection(SolutionProperties) = preSolution
		HideSolutionNode = FALSE
	EndGlobalSection
	GlobalSection(ExtensibilityGlobals) = postSolution
		SolutionGuid = {EA887ECE-9D9B-4798-9D47-ADB8B1FD3EEE}
	EndGlobalSection
EndGlobal
